// !$*UTF8*$!
{
	archiveVersion = 1;
	classes = {
	};
	objectVersion = 46;
	objects = {

/* Begin PBXBuildFile section */
		541A16D21C3EA13700F7E0AE /* AppDelegate.swift in Sources */ = {isa = PBXBuildFile; fileRef = 541A16D11C3EA13700F7E0AE /* AppDelegate.swift */; };
		541A16D41C3EA13700F7E0AE /* PsychologistViewController.swift in Sources */ = {isa = PBXBuildFile; fileRef = 541A16D31C3EA13700F7E0AE /* PsychologistViewController.swift */; };
		541A16D71C3EA13700F7E0AE /* Main.storyboard in Resources */ = {isa = PBXBuildFile; fileRef = 541A16D51C3EA13700F7E0AE /* Main.storyboard */; };
		541A16D91C3EA13700F7E0AE /* Assets.xcassets in Resources */ = {isa = PBXBuildFile; fileRef = 541A16D81C3EA13700F7E0AE /* Assets.xcassets */; };
		541A16DC1C3EA13700F7E0AE /* LaunchScreen.storyboard in Resources */ = {isa = PBXBuildFile; fileRef = 541A16DA1C3EA13700F7E0AE /* LaunchScreen.storyboard */; };
		541A16E51C3EA73500F7E0AE /* FaceView.swift in Sources */ = {isa = PBXBuildFile; fileRef = 541A16E31C3EA73500F7E0AE /* FaceView.swift */; settings = {ASSET_TAGS = (); }; };
		541A16E61C3EA73500F7E0AE /* HappinessViewController.swift in Sources */ = {isa = PBXBuildFile; fileRef = 541A16E41C3EA73500F7E0AE /* HappinessViewController.swift */; settings = {ASSET_TAGS = (); }; };
/* End PBXBuildFile section */

/* Begin PBXFileReference section */
		541A16CE1C3EA13700F7E0AE /* Pyschologist.app */ = {isa = PBXFileReference; explicitFileType = wrapper.application; includeInIndex = 0; path = Pyschologist.app; sourceTree = BUILT_PRODUCTS_DIR; };
		541A16D11C3EA13700F7E0AE /* AppDelegate.swift */ = {isa = PBXFileReference; lastKnownFileType = sourcecode.swift; path = AppDelegate.swift; sourceTree = "<group>"; };
		541A16D31C3EA13700F7E0AE /* PsychologistViewController.swift */ = {isa = PBXFileReference; lastKnownFileType = sourcecode.swift; path = PsychologistViewController.swift; sourceTree = "<group>"; };
		541A16D61C3EA13700F7E0AE /* Base */ = {isa = PBXFileReference; lastKnownFileType = file.storyboard; name = Base; path = Base.lproj/Main.storyboard; sourceTree = "<group>"; };
		541A16D81C3EA13700F7E0AE /* Assets.xcassets */ = {isa = PBXFileReference; lastKnownFileType = folder.assetcatalog; path = Assets.xcassets; sourceTree = "<group>"; };
		541A16DB1C3EA13700F7E0AE /* Base */ = {isa = PBXFileReference; lastKnownFileType = file.storyboard; name = Base; path = Base.lproj/LaunchScreen.storyboard; sourceTree = "<group>"; };
		541A16DD1C3EA13700F7E0AE /* Info.plist */ = {isa = PBXFileReference; lastKnownFileType = text.plist.xml; path = Info.plist; sourceTree = "<group>"; };
		541A16E31C3EA73500F7E0AE /* FaceView.swift */ = {isa = PBXFileReference; fileEncoding = 4; lastKnownFileType = sourcecode.swift; path = FaceView.swift; sourceTree = "<group>"; };
		541A16E41C3EA73500F7E0AE /* HappinessViewController.swift */ = {isa = PBXFileReference; fileEncoding = 4; lastKnownFileType = sourcecode.swift; path = HappinessViewController.swift; sourceTree = "<group>"; };
/* End PBXFileReference section */

/* Begin PBXFrameworksBuildPhase section */
		541A16CB1C3EA13700F7E0AE /* Frameworks */ = {
			isa = PBXFrameworksBuildPhase;
			buildActionMask = 2147483647;
			files = (
			);
			runOnlyForDeploymentPostprocessing = 0;
		};
/* End PBXFrameworksBuildPhase section */

/* Begin PBXGroup section */
		541A16C51C3EA13600F7E0AE = {
			isa = PBXGroup;
			children = (
				541A16D01C3EA13700F7E0AE /* Pyschologist */,
				541A16CF1C3EA13700F7E0AE /* Products */,
			);
			sourceTree = "<group>";
		};
		541A16CF1C3EA13700F7E0AE /* Products */ = {
			isa = PBXGroup;
			children = (
				541A16CE1C3EA13700F7E0AE /* Pyschologist.app */,
			);
			name = Products;
			sourceTree = "<group>";
		};
		541A16D01C3EA13700F7E0AE /* Pyschologist */ = {
			isa = PBXGroup;
			children = (
				541A16D11C3EA13700F7E0AE /* AppDelegate.swift */,
				541A16D31C3EA13700F7E0AE /* PsychologistViewController.swift */,
				541A16D51C3EA13700F7E0AE /* Main.storyboard */,
				541A16D81C3EA13700F7E0AE /* Assets.xcassets */,
				541A16DA1C3EA13700F7E0AE /* LaunchScreen.storyboard */,
				541A16E31C3EA73500F7E0AE /* FaceView.swift */,
				541A16E41C3EA73500F7E0AE /* HappinessViewController.swift */,
				541A16DD1C3EA13700F7E0AE /* Info.plist */,
			);
			path = Pyschologist;
			sourceTree = "<group>";
		};
/* End PBXGroup section */

/* Begin PBXNativeTarget section */
		541A16CD1C3EA13700F7E0AE /* Pyschologist */ = {
			isa = PBXNativeTarget;
			buildConfigurationList = 541A16E01C3EA13700F7E0AE /* Build configuration list for PBXNativeTarget "Pyschologist" */;
			buildPhases = (
				541A16CA1C3EA13700F7E0AE /* Sources */,
				541A16CB1C3EA13700F7E0AE /* Frameworks */,
				541A16CC1C3EA13700F7E0AE /* Resources */,
			);
			buildRules = (
			);
			dependencies = (
			);
			name = Pyschologist;
			productName = Pyschologist;
			productReference = 541A16CE1C3EA13700F7E0AE /* Pyschologist.app */;
			productType = "com.apple.product-type.application";
		};
/* End PBXNativeTarget section */

/* Begin PBXProject section */
		541A16C61C3EA13600F7E0AE /* Project object */ = {
			isa = PBXProject;
			attributes = {
				LastUpgradeCheck = 0700;
				ORGANIZATIONNAME = singh;
				TargetAttributes = {
					541A16CD1C3EA13700F7E0AE = {
						CreatedOnToolsVersion = 7.0.1;
					};
				};
			};
			buildConfigurationList = 541A16C91C3EA13600F7E0AE /* Build configuration list for PBXProject "Pyschologist" */;
			compatibilityVersion = "Xcode 3.2";
			developmentRegion = English;
			hasScannedForEncodings = 0;
			knownRegions = (
				en,
				Base,
			);
			mainGroup = 541A16C51C3EA13600F7E0AE;
			productRefGroup = 541A16CF1C3EA13700F7E0AE /* Products */;
			projectDirPath = "";
			projectRoot = "";
			targets = (
				541A16CD1C3EA13700F7E0AE /* Pyschologist */,
			);
		};
/* End PBXProject section */

/* Begin PBXResourcesBuildPhase section */
		541A16CC1C3EA13700F7E0AE /* Resources */ = {
			isa = PBXResourcesBuildPhase;
			buildActionMask = 2147483647;
			files = (
				541A16DC1C3EA13700F7E0AE /* LaunchScreen.storyboard in Resources */,
				541A16D91C3EA13700F7E0AE /* Assets.xcassets in Resources */,
				541A16D71C3EA13700F7E0AE /* Main.storyboard in Resources */,
			);
			runOnlyForDeploymentPostprocessing = 0;
		};
/* End PBXResourcesBuildPhase section */

/* Begin PBXSourcesBuildPhase section */
		541A16CA1C3EA13700F7E0AE /* Sources */ = {
			isa = PBXSourcesBuildPhase;
			buildActionMask = 2147483647;
			files = (
				541A16D41C3EA13700F7E0AE /* PsychologistViewController.swift in Sources */,
				541A16D21C3EA13700F7E0AE /* AppDelegate.swift in Sources */,
				541A16E61C3EA73500F7E0AE /* HappinessViewController.swift in Sources */,
				541A16E51C3EA73500F7E0AE /* FaceView.swift in Sources */,
			);
			runOnlyForDeploymentPostprocessing = 0;
		};
/* End PBXSourcesBuildPhase section */

/* Begin PBXVariantGroup section */
		541A16D51C3EA13700F7E0AE /* Main.storyboard */ = {
			isa = PBXVariantGroup;
			children = (
				541A16D61C3EA13700F7E0AE /* Base */,
			);
			name = Main.storyboard;
			sourceTree = "<group>";
		};
		541A16DA1C3EA13700F7E0AE /* LaunchScreen.storyboard */ = {
			isa = PBXVariantGroup;
			children = (
				541A16DB1C3EA13700F7E0AE /* Base */,
			);
			name = LaunchScreen.storyboard;
			sourceTree = "<group>";
		};
/* End PBXVariantGroup section */

/* Begin XCBuildConfiguration section */
		541A16DE1C3EA13700F7E0AE /* Debug */ = {
			isa = XCBuildConfiguration;
			buildSettings = {
				ALWAYS_SEARCH_USER_PATHS = NO;
				CLANG_CXX_LANGUAGE_STANDARD = "gnu++0x";
				CLANG_CXX_LIBRARY = "libc++";
				CLANG_ENABLE_MODULES = YES;
				CLANG_ENABLE_OBJC_ARC = YES;
				CLANG_WARN_BOOL_CONVERSION = YES;
				CLANG_WARN_CONSTANT_CONVERSION = YES;
				CLANG_WARN_DIRECT_OBJC_ISA_USAGE = YES_ERROR;
				CLANG_WARN_EMPTY_BODY = YES;
				CLANG_WARN_ENUM_CONVERSION = YES;
				CLANG_WARN_INT_CONVERSION = YES;
				CLANG_WARN_OBJC_ROOT_CLASS = YES_ERROR;
				CLANG_WARN_UNREACHABLE_CODE = YES;
				CLANG_WARN__DUPLICATE_METHOD_MATCH = YES;
				"CODE_SIGN_IDENTITY[sdk=iphoneos*]" = "iPhone Developer";
				COPY_PHASE_STRIP = NO;
				DEBUG_INFORMATION_FORMAT = dwarf;
				ENABLE_STRICT_OBJC_MSGSEND = YES;
				ENABLE_TESTABILITY = YES;
				GCC_C_LANGUAGE_STANDARD = gnu99;
				GCC_DYNAMIC_NO_PIC = NO;
				GCC_NO_COMMON_BLOCKS = YES;
				GCC_OPTIMIZATION_LEVEL = 0;
				GCC_PREPROCESSOR_DEFINITIONS = (
					"DEBUG=1",
					"$(inherited)",
				);
				GCC_WARN_64_TO_32_BIT_CONVERSION = YES;
				GCC_WARN_ABOUT_RETURN_TYPE = YES_ERROR;
				GCC_WARN_UNDECLARED_SELECTOR = YES;
				GCC_WARN_UNINITIALIZED_AUTOS = YES_AGGRESSIVE;
				GCC_WARN_UNUSED_FUNCTION = YES;
				GCC_WARN_UNUSED_VARIABLE = YES;
				IPHONEOS_DEPLOYMENT_TARGET = 9.0;
				MTL_ENABLE_DEBUG_INFO = YES;
				ONLY_ACTIVE_ARCH = YES;
				SDKROOT = iphoneos;
				SWIFT_OPTIMIZATION_LEVEL = "-Onone";
				TARGETED_DEVICE_FAMILY = "1,2";
			};
			name = Debug;
		};
		541A16DF1C3EA13700F7E0AE /* Release */ = {
			isa = XCBuildConfiguration;
			buildSettings = {
				ALWAYS_SEARCH_USER_PATHS = NO;
				CLANG_CXX_LANGUAGE_STANDARD = "gnu++0x";
				CLANG_CXX_LIBRARY = "libc++";
				CLANG_ENABLE_MODULES = YES;
				CLANG_ENABLE_OBJC_ARC = YES;
				CLANG_WARN_BOOL_CONVERSION = YES;
				CLANG_WARN_CONSTANT_CONVERSION = YES;
				CLANG_WARN_DIRECT_OBJC_ISA_USAGE = YES_ERROR;
				CLANG_WARN_EMPTY_BODY = YES;
				CLANG_WARN_ENUM_CONVERSION = YES;
				CLANG_WARN_INT_CONVERSION = YES;
				CLANG_WARN_OBJC_ROOT_CLASS = YES_ERROR;
				CLANG_WARN_UNREACHABLE_CODE = YES;
				CLANG_WARN__DUPLICATE_METHOD_MATCH = YES;
				"CODE_SIGN_IDENTITY[sdk=iphoneos*]" = "iPhone Developer";
				COPY_PHASE_STRIP = NO;
				DEBUG_INFORMATION_FORMAT = "dwarf-with-dsym";
				ENABLE_NS_ASSERTIONS = NO;
				ENABLE_STRICT_OBJC_MSGSEND = YES;
				GCC_C_LANGUAGE_STANDARD = gnu99;
				GCC_NO_COMMON_BLOCKS = YES;
				GCC_WARN_64_TO_32_BIT_CONVERSION = YES;
				GCC_WARN_ABOUT_RETURN_TYPE = YES_ERROR;
				GCC_WARN_UNDECLARED_SELECTOR = YES;
				GCC_WARN_UNINITIALIZED_AUTOS = YES_AGGRESSIVE;
				GCC_WARN_UNUSED_FUNCTION = YES;
				GCC_WARN_UNUSED_VARIABLE = YES;
				IPHONEOS_DEPLOYMENT_TARGET = 9.0;
				MTL_ENABLE_DEBUG_INFO = NO;
				SDKROOT = iphoneos;
				TARGETED_DEVICE_FAMILY = "1,2";
				VALIDATE_PRODUCT = YES;
			};
			name = Release;
		};
		541A16E11C3EA13700F7E0AE /* Debug */ = {
			isa = XCBuildConfiguration;
			buildSettings = {
				ASSETCATALOG_COMPILER_APPICON_NAME = AppIcon;
				INFOPLIST_FILE = Pyschologist/Info.plist;
				LD_RUNPATH_SEARCH_PATHS = "$(inherited) @executable_path/Frameworks";
				PRODUCT_BUNDLE_IDENTIFIER = aman5066.Pyschologist;
				PRODUCT_NAME = "$(TARGET_NAME)";
			};
			name = Debug;
		};
		541A16E21C3EA13700F7E0AE /* Release */ = {
			isa = XCBuildConfiguration;
			buildSettings = {
				ASSETCATALOG_COMPILER_APPICON_NAME = AppIcon;
				INFOPLIST_FILE = Pyschologist/Info.plist;
				LD_RUNPATH_SEARCH_PATHS = "$(inherited) @executable_path/Frameworks";
				PRODUCT_BUNDLE_IDENTIFIER = aman5066.Pyschologist;
				PRODUCT_NAME = "$(TARGET_NAME)";
			};
			name = Release;
		};
/* End XCBuildConfiguration section */

/* Begin XCConfigurationList section */
		541A16C91C3EA13600F7E0AE /* Build configuration list for PBXProject "Pyschologist" */ = {
			isa = XCConfigurationList;
			buildConfigurations = (
				541A16DE1C3EA13700F7E0AE /* Debug */,
				541A16DF1C3EA13700F7E0AE /* Release */,
			);
			defaultConfigurationIsVisible = 0;
			defaultConfigurationName = Release;
		};
		541A16E01C3EA13700F7E0AE /* Build configuration list for PBXNativeTarget "Pyschologist" */ = {
			isa = XCConfigurationList;
			buildConfigurations = (
				541A16E11C3EA13700F7E0AE /* Debug */,
				541A16E21C3EA13700F7E0AE /* Release */,
			);
			defaultConfigurationIsVisible = 0;
		};
/* End XCConfigurationList section */
	};
	rootObject = 541A16C61C3EA13600F7E0AE /* Project object */;
}
